
Microsoft Visual Studio Solution File, Format Version 12.00
# Visual Studio Version 17
VisualStudioVersion = 17.4.33122.133
MinimumVisualStudioVersion = 10.0.40219.1
Project("{9A19103F-16F7-4668-BE54-9A1E7A4F7556}") = "Workspace.API", "Workspace.API\Workspace.API.csproj", "{28FCA16D-C24B-400D-9C73-8D666D50D9F9}"
EndProject
Project("{9A19103F-16F7-4668-BE54-9A1E7A4F7556}") = "Workspace.Core", "Workspace.Core\Workspace.Core.csproj", "{49152577-3AA1-43F8-AFB7-984EBDBC47C4}"
EndProject
Project("{9A19103F-16F7-4668-BE54-9A1E7A4F7556}") = "Workspace.Domain", "Workspace.Domain\Workspace.Domain.csproj", "{71E80D1C-C20F-4328-98DD-0E55EA5ED5EF}"
EndProject
Project("{9A19103F-16F7-4668-BE54-9A1E7A4F7556}") = "Workspace.Infrastructure", "Workspace.Infrastructure\Workspace.Infrastructure.csproj", "{D8CFFBD1-B645-426B-BB8B-C47EB8AF6252}"
EndProject
Global
	GlobalSection(SolutionConfigurationPlatforms) = preSolution
		Debug|Any CPU = Debug|Any CPU
		Release|Any CPU = Release|Any CPU
	EndGlobalSection
	GlobalSection(ProjectConfigurationPlatforms) = postSolution
		{28FCA16D-C24B-400D-9C73-8D666D50D9F9}.Debug|Any CPU.ActiveCfg = Debug|Any CPU
		{28FCA16D-C24B-400D-9C73-8D666D50D9F9}.Debug|Any CPU.Build.0 = Debug|Any CPU
		{28FCA16D-C24B-400D-9C73-8D666D50D9F9}.Release|Any CPU.ActiveCfg = Release|Any CPU
		{28FCA16D-C24B-400D-9C73-8D666D50D9F9}.Release|Any CPU.Build.0 = Release|Any CPU
		{49152577-3AA1-43F8-AFB7-984EBDBC47C4}.Debug|Any CPU.ActiveCfg = Debug|Any CPU
		{49152577-3AA1-43F8-AFB7-984EBDBC47C4}.Debug|Any CPU.Build.0 = Debug|Any CPU
		{49152577-3AA1-43F8-AFB7-984EBDBC47C4}.Release|Any CPU.ActiveCfg = Release|Any CPU
		{49152577-3AA1-43F8-AFB7-984EBDBC47C4}.Release|Any CPU.Build.0 = Release|Any CPU
		{71E80D1C-C20F-4328-98DD-0E55EA5ED5EF}.Debug|Any CPU.ActiveCfg = Debug|Any CPU
		{71E80D1C-C20F-4328-98DD-0E55EA5ED5EF}.Debug|Any CPU.Build.0 = Debug|Any CPU
		{71E80D1C-C20F-4328-98DD-0E55EA5ED5EF}.Release|Any CPU.ActiveCfg = Release|Any CPU
		{71E80D1C-C20F-4328-98DD-0E55EA5ED5EF}.Release|Any CPU.Build.0 = Release|Any CPU
		{D8CFFBD1-B645-426B-BB8B-C47EB8AF6252}.Debug|Any CPU.ActiveCfg = Debug|Any CPU
		{D8CFFBD1-B645-426B-BB8B-C47EB8AF6252}.Debug|Any CPU.Build.0 = Debug|Any CPU
		{D8CFFBD1-B645-426B-BB8B-C47EB8AF6252}.Release|Any CPU.ActiveCfg = Release|Any CPU
		{D8CFFBD1-B645-426B-BB8B-C47EB8AF6252}.Release|Any CPU.Build.0 = Release|Any CPU
	EndGlobalSection
	GlobalSection(SolutionProperties) = preSolution
		HideSolutionNode = FALSE
	EndGlobalSection
	GlobalSection(ExtensibilityGlobals) = postSolution
		SolutionGuid = {6815D77F-F6A5-4049-8FE7-4377E6C66C47}
	EndGlobalSection
EndGlobal
